
Microsoft Visual Studio Solution File, Format Version 12.00
# Visual Studio Version 16
VisualStudioVersion = 16.0.29709.97
MinimumVisualStudioVersion = 10.0.40219.1
Project("{FAE04EC0-301F-11D3-BF4B-00C04F79EFBC}") = "ContosoUniversity", "ContosoUniversity\ContosoUniversity.csproj", "{B55CF625-B2CE-4E1F-8199-98033DFB5858}"
EndProject
Global
	GlobalSection(SolutionConfigurationPlatforms) = preSolution
		Debug|Any CPU = Debug|Any CPU
		Release|Any CPU = Release|Any CPU
	EndGlobalSection
	GlobalSection(ProjectConfigurationPlatforms) = postSolution
		{B55CF625-B2CE-4E1F-8199-98033DFB5858}.Debug|Any CPU.ActiveCfg = Debug|Any CPU
		{B55CF625-B2CE-4E1F-8199-98033DFB5858}.Debug|Any CPU.Build.0 = Debug|Any CPU
		{B55CF625-B2CE-4E1F-8199-98033DFB5858}.Release|Any CPU.ActiveCfg = Release|Any CPU
		{B55CF625-B2CE-4E1F-8199-98033DFB5858}.Release|Any CPU.Build.0 = Release|Any CPU
	EndGlobalSection
	GlobalSection(SolutionProperties) = preSolution
		HideSolutionNode = FALSE
	EndGlobalSection
	GlobalSection(ExtensibilityGlobals) = postSolution
		SolutionGuid = {80DB6E36-B716-4B42-A2B4-BD4159AD4D1C}
	EndGlobalSection
EndGlobal
